// !$*UTF8*$!
{
	archiveVersion = 1;
	classes = {
	};
	objectVersion = 46;
	objects = {

/* Begin PBXBuildFile section */
		3F1552A71CD556A90013F166 /* NdefpackUiCallbacks.c in Sources */ = {isa = PBXBuildFile; fileRef = 3F1552A61CD556A90013F166 /* NdefpackUiCallbacks.c */; };
		3F1552A91CD557030013F166 /* ViewController.swift in Sources */ = {isa = PBXBuildFile; fileRef = 3F1552A81CD557030013F166 /* ViewController.swift */; };
		3F333A571CD5574100422F41 /* boot.c in Sources */ = {isa = PBXBuildFile; fileRef = 3F3339FA1CD5574100422F41 /* boot.c */; };
		3F333A581CD5574100422F41 /* cart.c in Sources */ = {isa = PBXBuildFile; fileRef = 3F3339FC1CD5574100422F41 /* cart.c */; };
		3F333A5A1CD5574100422F41 /* eapi.c in Sources */ = {isa = PBXBuildFile; fileRef = 3F333A001CD5574100422F41 /* eapi.c */; };
		3F333A5B1CD5574100422F41 /* easyfs.c in Sources */ = {isa = PBXBuildFile; fileRef = 3F333A021CD5574100422F41 /* easyfs.c */; };
		3F333A5C1CD5574100422F41 /* efname.c in Sources */ = {isa = PBXBuildFile; fileRef = 3F333A041CD5574100422F41 /* efname.c */; };
		3F333A5D1CD5574100422F41 /* flash.c in Sources */ = {isa = PBXBuildFile; fileRef = 3F333A061CD5574100422F41 /* flash.c */; };
		3F333A631CD5574100422F41 /* easyfw.c in Sources */ = {isa = PBXBuildFile; fileRef = 3F333A0F1CD5574100422F41 /* easyfw.c */; };
		3F333A791CD5574100422F41 /* lib.c in Sources */ = {isa = PBXBuildFile; fileRef = 3F333A2A1CD5574100422F41 /* lib.c */; };
		3F333A7A1CD5574100422F41 /* loader.c in Sources */ = {isa = PBXBuildFile; fileRef = 3F333A2C1CD5574100422F41 /* loader.c */; };
		3F333A7B1CD5574100422F41 /* lst.c in Sources */ = {isa = PBXBuildFile; fileRef = 3F333A2E1CD5574100422F41 /* lst.c */; };
		3F333A7C1CD5574100422F41 /* options.c in Sources */ = {isa = PBXBuildFile; fileRef = 3F333A301CD5574100422F41 /* options.c */; };
		3F333A7D1CD5574100422F41 /* petscii.c in Sources */ = {isa = PBXBuildFile; fileRef = 3F333A321CD5574100422F41 /* petscii.c */; };
		3F333A7E1CD5574100422F41 /* place.c in Sources */ = {isa = PBXBuildFile; fileRef = 3F333A341CD5574100422F41 /* place.c */; };
		3F333A7F1CD5574100422F41 /* prg.c in Sources */ = {isa = PBXBuildFile; fileRef = 3F333A361CD5574100422F41 /* prg.c */; };
		3F333A821CD5574100422F41 /* util.c in Sources */ = {isa = PBXBuildFile; fileRef = 3F333A3C1CD5574100422F41 /* util.c */; };
		3FF554C11CD54ED300BA8460 /* Document.xib in Resources */ = {isa = PBXBuildFile; fileRef = 3FF554BF1CD54ED300BA8460 /* Document.xib */; };
		3FF554C31CD54ED300BA8460 /* Assets.xcassets in Resources */ = {isa = PBXBuildFile; fileRef = 3FF554C21CD54ED300BA8460 /* Assets.xcassets */; };
		3FF554C61CD54ED300BA8460 /* MainMenu.xib in Resources */ = {isa = PBXBuildFile; fileRef = 3FF554C41CD54ED300BA8460 /* MainMenu.xib */; };
		3FF554D01CD54F1D00BA8460 /* AppDelegate.swift in Sources */ = {isa = PBXBuildFile; fileRef = 3FF554CE1CD54F1D00BA8460 /* AppDelegate.swift */; };
		3FF554D11CD54F1D00BA8460 /* Document.swift in Sources */ = {isa = PBXBuildFile; fileRef = 3FF554CF1CD54F1D00BA8460 /* Document.swift */; };
/* End PBXBuildFile section */

/* Begin PBXFileReference section */
		3F1552A51CD556990013F166 /* EasyCart-Bridging-Header.h */ = {isa = PBXFileReference; lastKnownFileType = sourcecode.c.h; path = "EasyCart-Bridging-Header.h"; sourceTree = "<group>"; };
		3F1552A61CD556A90013F166 /* NdefpackUiCallbacks.c */ = {isa = PBXFileReference; fileEncoding = 4; lastKnownFileType = sourcecode.c.c; path = NdefpackUiCallbacks.c; sourceTree = "<group>"; };
		3F1552A81CD557030013F166 /* ViewController.swift */ = {isa = PBXFileReference; fileEncoding = 4; lastKnownFileType = sourcecode.swift; path = ViewController.swift; sourceTree = "<group>"; };
		3F3339F91CD5574100422F41 /* archdep.h */ = {isa = PBXFileReference; fileEncoding = 4; lastKnownFileType = sourcecode.c.h; path = archdep.h; sourceTree = "<group>"; };
		3F3339FA1CD5574100422F41 /* boot.c */ = {isa = PBXFileReference; fileEncoding = 4; lastKnownFileType = sourcecode.c.c; path = boot.c; sourceTree = "<group>"; };
		3F3339FB1CD5574100422F41 /* boot.h */ = {isa = PBXFileReference; fileEncoding = 4; lastKnownFileType = sourcecode.c.h; path = boot.h; sourceTree = "<group>"; };
		3F3339FC1CD5574100422F41 /* cart.c */ = {isa = PBXFileReference; fileEncoding = 4; lastKnownFileType = sourcecode.c.c; path = cart.c; sourceTree = "<group>"; };
		3F3339FD1CD5574100422F41 /* cart.h */ = {isa = PBXFileReference; fileEncoding = 4; lastKnownFileType = sourcecode.c.h; path = cart.h; sourceTree = "<group>"; };
		3F3339FE1CD5574100422F41 /* config.h */ = {isa = PBXFileReference; fileEncoding = 4; lastKnownFileType = sourcecode.c.h; path = config.h; sourceTree = "<group>"; };
		3F333A001CD5574100422F41 /* eapi.c */ = {isa = PBXFileReference; fileEncoding = 4; lastKnownFileType = sourcecode.c.c; path = eapi.c; sourceTree = "<group>"; };
		3F333A011CD5574100422F41 /* eapi.h */ = {isa = PBXFileReference; fileEncoding = 4; lastKnownFileType = sourcecode.c.h; path = eapi.h; sourceTree = "<group>"; };
		3F333A021CD5574100422F41 /* easyfs.c */ = {isa = PBXFileReference; fileEncoding = 4; lastKnownFileType = sourcecode.c.c; path = easyfs.c; sourceTree = "<group>"; };
		3F333A031CD5574100422F41 /* easyfs.h */ = {isa = PBXFileReference; fileEncoding = 4; lastKnownFileType = sourcecode.c.h; path = easyfs.h; sourceTree = "<group>"; };
		3F333A041CD5574100422F41 /* efname.c */ = {isa = PBXFileReference; fileEncoding = 4; lastKnownFileType = sourcecode.c.c; path = efname.c; sourceTree = "<group>"; };
		3F333A051CD5574100422F41 /* efname.h */ = {isa = PBXFileReference; fileEncoding = 4; lastKnownFileType = sourcecode.c.h; path = efname.h; sourceTree = "<group>"; };
		3F333A061CD5574100422F41 /* flash.c */ = {isa = PBXFileReference; fileEncoding = 4; lastKnownFileType = sourcecode.c.c; path = flash.c; sourceTree = "<group>"; };
		3F333A071CD5574100422F41 /* flash.h */ = {isa = PBXFileReference; fileEncoding = 4; lastKnownFileType = sourcecode.c.h; path = flash.h; sourceTree = "<group>"; };
		3F333A0C1CD5574100422F41 /* eapi_am29f040.h */ = {isa = PBXFileReference; fileEncoding = 4; lastKnownFileType = sourcecode.c.h; path = eapi_am29f040.h; sourceTree = "<group>"; };
		3F333A0F1CD5574100422F41 /* easyfw.c */ = {isa = PBXFileReference; fileEncoding = 4; lastKnownFileType = sourcecode.c.c; path = easyfw.c; sourceTree = "<group>"; };
		3F333A161CD5574100422F41 /* easyloader_launcher_nrm.h */ = {isa = PBXFileReference; fileEncoding = 4; lastKnownFileType = sourcecode.c.h; path = easyloader_launcher_nrm.h; sourceTree = "<group>"; };
		3F333A191CD5574100422F41 /* easyloader_launcher_ocm.h */ = {isa = PBXFileReference; fileEncoding = 4; lastKnownFileType = sourcecode.c.h; path = easyloader_launcher_ocm.h; sourceTree = "<group>"; };
		3F333A1C1CD5574100422F41 /* easyloader_nrm.h */ = {isa = PBXFileReference; fileEncoding = 4; lastKnownFileType = sourcecode.c.h; path = easyloader_nrm.h; sourceTree = "<group>"; };
		3F333A1F1CD5574100422F41 /* easyloader_ocm.h */ = {isa = PBXFileReference; fileEncoding = 4; lastKnownFileType = sourcecode.c.h; path = easyloader_ocm.h; sourceTree = "<group>"; };
		3F333A291CD5574100422F41 /* fw.h */ = {isa = PBXFileReference; fileEncoding = 4; lastKnownFileType = sourcecode.c.h; path = fw.h; sourceTree = "<group>"; };
		3F333A2A1CD5574100422F41 /* lib.c */ = {isa = PBXFileReference; fileEncoding = 4; lastKnownFileType = sourcecode.c.c; path = lib.c; sourceTree = "<group>"; };
		3F333A2B1CD5574100422F41 /* lib.h */ = {isa = PBXFileReference; fileEncoding = 4; lastKnownFileType = sourcecode.c.h; path = lib.h; sourceTree = "<group>"; };
		3F333A2C1CD5574100422F41 /* loader.c */ = {isa = PBXFileReference; fileEncoding = 4; lastKnownFileType = sourcecode.c.c; path = loader.c; sourceTree = "<group>"; };
		3F333A2D1CD5574100422F41 /* loader.h */ = {isa = PBXFileReference; fileEncoding = 4; lastKnownFileType = sourcecode.c.h; path = loader.h; sourceTree = "<group>"; };
		3F333A2E1CD5574100422F41 /* lst.c */ = {isa = PBXFileReference; fileEncoding = 4; lastKnownFileType = sourcecode.c.c; path = lst.c; sourceTree = "<group>"; };
		3F333A2F1CD5574100422F41 /* lst.h */ = {isa = PBXFileReference; fileEncoding = 4; lastKnownFileType = sourcecode.c.h; path = lst.h; sourceTree = "<group>"; };
		3F333A301CD5574100422F41 /* options.c */ = {isa = PBXFileReference; fileEncoding = 4; lastKnownFileType = sourcecode.c.c; path = options.c; sourceTree = "<group>"; };
		3F333A311CD5574100422F41 /* options.h */ = {isa = PBXFileReference; fileEncoding = 4; lastKnownFileType = sourcecode.c.h; path = options.h; sourceTree = "<group>"; };
		3F333A321CD5574100422F41 /* petscii.c */ = {isa = PBXFileReference; fileEncoding = 4; lastKnownFileType = sourcecode.c.c; path = petscii.c; sourceTree = "<group>"; };
		3F333A331CD5574100422F41 /* petscii.h */ = {isa = PBXFileReference; fileEncoding = 4; lastKnownFileType = sourcecode.c.h; path = petscii.h; sourceTree = "<group>"; };
		3F333A341CD5574100422F41 /* place.c */ = {isa = PBXFileReference; fileEncoding = 4; lastKnownFileType = sourcecode.c.c; path = place.c; sourceTree = "<group>"; };
		3F333A351CD5574100422F41 /* place.h */ = {isa = PBXFileReference; fileEncoding = 4; lastKnownFileType = sourcecode.c.h; path = place.h; sourceTree = "<group>"; };
		3F333A361CD5574100422F41 /* prg.c */ = {isa = PBXFileReference; fileEncoding = 4; lastKnownFileType = sourcecode.c.c; path = prg.c; sourceTree = "<group>"; };
		3F333A371CD5574100422F41 /* prg.h */ = {isa = PBXFileReference; fileEncoding = 4; lastKnownFileType = sourcecode.c.h; path = prg.h; sourceTree = "<group>"; };
		3F333A381CD5574100422F41 /* types.h */ = {isa = PBXFileReference; fileEncoding = 4; lastKnownFileType = sourcecode.c.h; path = types.h; sourceTree = "<group>"; };
		3F333A391CD5574100422F41 /* ui.h */ = {isa = PBXFileReference; fileEncoding = 4; lastKnownFileType = sourcecode.c.h; path = ui.h; sourceTree = "<group>"; };
		3F333A3B1CD5574100422F41 /* ui_fltk.cc */ = {isa = PBXFileReference; fileEncoding = 4; lastKnownFileType = sourcecode.cpp.cpp; path = ui_fltk.cc; sourceTree = "<group>"; };
		3F333A3C1CD5574100422F41 /* util.c */ = {isa = PBXFileReference; fileEncoding = 4; lastKnownFileType = sourcecode.c.c; path = util.c; sourceTree = "<group>"; };
		3F333A3D1CD5574100422F41 /* util.h */ = {isa = PBXFileReference; fileEncoding = 4; lastKnownFileType = sourcecode.c.h; path = util.h; sourceTree = "<group>"; };
		3FF554B81CD54ED300BA8460 /* EasyCart.app */ = {isa = PBXFileReference; explicitFileType = wrapper.application; includeInIndex = 0; path = EasyCart.app; sourceTree = BUILT_PRODUCTS_DIR; };
		3FF554C01CD54ED300BA8460 /* Base */ = {isa = PBXFileReference; lastKnownFileType = file.xib; name = Base; path = Base.lproj/Document.xib; sourceTree = "<group>"; };
		3FF554C21CD54ED300BA8460 /* Assets.xcassets */ = {isa = PBXFileReference; lastKnownFileType = folder.assetcatalog; path = Assets.xcassets; sourceTree = "<group>"; };
		3FF554C51CD54ED300BA8460 /* Base */ = {isa = PBXFileReference; lastKnownFileType = file.xib; name = Base; path = Base.lproj/MainMenu.xib; sourceTree = "<group>"; };
		3FF554C71CD54ED300BA8460 /* Info.plist */ = {isa = PBXFileReference; lastKnownFileType = text.plist.xml; path = Info.plist; sourceTree = "<group>"; };
		3FF554CE1CD54F1D00BA8460 /* AppDelegate.swift */ = {isa = PBXFileReference; fileEncoding = 4; lastKnownFileType = sourcecode.swift; path = AppDelegate.swift; sourceTree = "<group>"; };
		3FF554CF1CD54F1D00BA8460 /* Document.swift */ = {isa = PBXFileReference; fileEncoding = 4; lastKnownFileType = sourcecode.swift; path = Document.swift; sourceTree = "<group>"; };
/* End PBXFileReference section */

/* Begin PBXFrameworksBuildPhase section */
		3FF554B51CD54ED300BA8460 /* Frameworks */ = {
			isa = PBXFrameworksBuildPhase;
			buildActionMask = 2147483647;
			files = (
			);
			runOnlyForDeploymentPostprocessing = 0;
		};
/* End PBXFrameworksBuildPhase section */

/* Begin PBXGroup section */
		3F3339DC1CD5574100422F41 /* Dependencies */ = {
			isa = PBXGroup;
			children = (
				3F3339DD1CD5574100422F41 /* ndefpack-1.0.1 */,
			);
			path = Dependencies;
			sourceTree = "<group>";
		};
		3F3339DD1CD5574100422F41 /* ndefpack-1.0.1 */ = {
			isa = PBXGroup;
			children = (
				3F3339F61CD5574100422F41 /* src */,
			);
			path = "ndefpack-1.0.1";
			sourceTree = "<group>";
		};
		3F3339F61CD5574100422F41 /* src */ = {
			isa = PBXGroup;
			children = (
				3F333A081CD5574100422F41 /* fw */,
				3F3339F91CD5574100422F41 /* archdep.h */,
				3F3339FA1CD5574100422F41 /* boot.c */,
				3F3339FB1CD5574100422F41 /* boot.h */,
				3F3339FC1CD5574100422F41 /* cart.c */,
				3F3339FD1CD5574100422F41 /* cart.h */,
				3F3339FE1CD5574100422F41 /* config.h */,
				3F333A001CD5574100422F41 /* eapi.c */,
				3F333A011CD5574100422F41 /* eapi.h */,
				3F333A021CD5574100422F41 /* easyfs.c */,
				3F333A031CD5574100422F41 /* easyfs.h */,
				3F333A041CD5574100422F41 /* efname.c */,
				3F333A051CD5574100422F41 /* efname.h */,
				3F333A061CD5574100422F41 /* flash.c */,
				3F333A071CD5574100422F41 /* flash.h */,
				3F333A291CD5574100422F41 /* fw.h */,
				3F333A2A1CD5574100422F41 /* lib.c */,
				3F333A2B1CD5574100422F41 /* lib.h */,
				3F333A2C1CD5574100422F41 /* loader.c */,
				3F333A2D1CD5574100422F41 /* loader.h */,
				3F333A2E1CD5574100422F41 /* lst.c */,
				3F333A2F1CD5574100422F41 /* lst.h */,
				3F333A301CD5574100422F41 /* options.c */,
				3F333A311CD5574100422F41 /* options.h */,
				3F333A321CD5574100422F41 /* petscii.c */,
				3F333A331CD5574100422F41 /* petscii.h */,
				3F333A341CD5574100422F41 /* place.c */,
				3F333A351CD5574100422F41 /* place.h */,
				3F333A361CD5574100422F41 /* prg.c */,
				3F333A371CD5574100422F41 /* prg.h */,
				3F333A381CD5574100422F41 /* types.h */,
				3F333A391CD5574100422F41 /* ui.h */,
				3F333A3B1CD5574100422F41 /* ui_fltk.cc */,
				3F333A3C1CD5574100422F41 /* util.c */,
				3F333A3D1CD5574100422F41 /* util.h */,
			);
			path = src;
			sourceTree = "<group>";
		};
		3F333A081CD5574100422F41 /* fw */ = {
			isa = PBXGroup;
			children = (
				3F333A0C1CD5574100422F41 /* eapi_am29f040.h */,
				3F333A0F1CD5574100422F41 /* easyfw.c */,
				3F333A161CD5574100422F41 /* easyloader_launcher_nrm.h */,
				3F333A191CD5574100422F41 /* easyloader_launcher_ocm.h */,
				3F333A1C1CD5574100422F41 /* easyloader_nrm.h */,
				3F333A1F1CD5574100422F41 /* easyloader_ocm.h */,
			);
			path = fw;
			sourceTree = "<group>";
		};
		3FF554AF1CD54ED300BA8460 = {
			isa = PBXGroup;
			children = (
				3FF554CD1CD54F1D00BA8460 /* Sources */,
				3FF554BA1CD54ED300BA8460 /* Resources */,
				3F3339DC1CD5574100422F41 /* Dependencies */,
				3FF554B91CD54ED300BA8460 /* Products */,
			);
			sourceTree = "<group>";
		};
		3FF554B91CD54ED300BA8460 /* Products */ = {
			isa = PBXGroup;
			children = (
				3FF554B81CD54ED300BA8460 /* EasyCart.app */,
			);
			name = Products;
			sourceTree = "<group>";
		};
		3FF554BA1CD54ED300BA8460 /* Resources */ = {
			isa = PBXGroup;
			children = (
				3FF554BF1CD54ED300BA8460 /* Document.xib */,
				3FF554C41CD54ED300BA8460 /* MainMenu.xib */,
				3FF554C21CD54ED300BA8460 /* Assets.xcassets */,
				3FF554C71CD54ED300BA8460 /* Info.plist */,
			);
			path = Resources;
			sourceTree = "<group>";
		};
		3FF554CD1CD54F1D00BA8460 /* Sources */ = {
			isa = PBXGroup;
			children = (
				3F1552A51CD556990013F166 /* EasyCart-Bridging-Header.h */,
				3F1552A61CD556A90013F166 /* NdefpackUiCallbacks.c */,
				3FF554CE1CD54F1D00BA8460 /* AppDelegate.swift */,
				3FF554CF1CD54F1D00BA8460 /* Document.swift */,
				3F1552A81CD557030013F166 /* ViewController.swift */,
			);
			path = Sources;
			sourceTree = "<group>";
		};
/* End PBXGroup section */

/* Begin PBXNativeTarget section */
		3FF554B71CD54ED300BA8460 /* EasyCart */ = {
			isa = PBXNativeTarget;
			buildConfigurationList = 3FF554CA1CD54ED300BA8460 /* Build configuration list for PBXNativeTarget "EasyCart" */;
			buildPhases = (
				3FF554B41CD54ED300BA8460 /* Sources */,
				3FF554B51CD54ED300BA8460 /* Frameworks */,
				3FF554B61CD54ED300BA8460 /* Resources */,
			);
			buildRules = (
			);
			dependencies = (
			);
			name = EasyCart;
			productName = EasyCart;
			productReference = 3FF554B81CD54ED300BA8460 /* EasyCart.app */;
			productType = "com.apple.product-type.application";
		};
/* End PBXNativeTarget section */

/* Begin PBXProject section */
		3FF554B01CD54ED300BA8460 /* Project object */ = {
			isa = PBXProject;
			attributes = {
				LastSwiftUpdateCheck = 0730;
				LastUpgradeCheck = 0730;
				ORGANIZATIONNAME = "Antonio Malara";
				TargetAttributes = {
					3FF554B71CD54ED300BA8460 = {
						CreatedOnToolsVersion = 7.3;
					};
				};
			};
			buildConfigurationList = 3FF554B31CD54ED300BA8460 /* Build configuration list for PBXProject "EasyCart" */;
			compatibilityVersion = "Xcode 3.2";
			developmentRegion = English;
			hasScannedForEncodings = 0;
			knownRegions = (
				en,
				Base,
			);
			mainGroup = 3FF554AF1CD54ED300BA8460;
			productRefGroup = 3FF554B91CD54ED300BA8460 /* Products */;
			projectDirPath = "";
			projectRoot = "";
			targets = (
				3FF554B71CD54ED300BA8460 /* EasyCart */,
			);
		};
/* End PBXProject section */

/* Begin PBXResourcesBuildPhase section */
		3FF554B61CD54ED300BA8460 /* Resources */ = {
			isa = PBXResourcesBuildPhase;
			buildActionMask = 2147483647;
			files = (
				3FF554C31CD54ED300BA8460 /* Assets.xcassets in Resources */,
				3FF554C11CD54ED300BA8460 /* Document.xib in Resources */,
				3FF554C61CD54ED300BA8460 /* MainMenu.xib in Resources */,
			);
			runOnlyForDeploymentPostprocessing = 0;
		};
/* End PBXResourcesBuildPhase section */

/* Begin PBXSourcesBuildPhase section */
		3FF554B41CD54ED300BA8460 /* Sources */ = {
			isa = PBXSourcesBuildPhase;
			buildActionMask = 2147483647;
			files = (
				3F333A7A1CD5574100422F41 /* loader.c in Sources */,
				3F333A7E1CD5574100422F41 /* place.c in Sources */,
				3F333A821CD5574100422F41 /* util.c in Sources */,
				3F333A571CD5574100422F41 /* boot.c in Sources */,
				3F333A581CD5574100422F41 /* cart.c in Sources */,
				3F333A631CD5574100422F41 /* easyfw.c in Sources */,
				3F333A5D1CD5574100422F41 /* flash.c in Sources */,
				3F333A5A1CD5574100422F41 /* eapi.c in Sources */,
				3FF554D11CD54F1D00BA8460 /* Document.swift in Sources */,
				3F333A7F1CD5574100422F41 /* prg.c in Sources */,
				3F333A7B1CD5574100422F41 /* lst.c in Sources */,
				3F333A5C1CD5574100422F41 /* efname.c in Sources */,
				3F333A5B1CD5574100422F41 /* easyfs.c in Sources */,
				3F333A7D1CD5574100422F41 /* petscii.c in Sources */,
				3F1552A71CD556A90013F166 /* NdefpackUiCallbacks.c in Sources */,
				3F1552A91CD557030013F166 /* ViewController.swift in Sources */,
				3F333A791CD5574100422F41 /* lib.c in Sources */,
				3F333A7C1CD5574100422F41 /* options.c in Sources */,
				3FF554D01CD54F1D00BA8460 /* AppDelegate.swift in Sources */,
			);
			runOnlyForDeploymentPostprocessing = 0;
		};
/* End PBXSourcesBuildPhase section */

/* Begin PBXVariantGroup section */
		3FF554BF1CD54ED300BA8460 /* Document.xib */ = {
			isa = PBXVariantGroup;
			children = (
				3FF554C01CD54ED300BA8460 /* Base */,
			);
			name = Document.xib;
			sourceTree = "<group>";
		};
		3FF554C41CD54ED300BA8460 /* MainMenu.xib */ = {
			isa = PBXVariantGroup;
			children = (
				3FF554C51CD54ED300BA8460 /* Base */,
			);
			name = MainMenu.xib;
			sourceTree = "<group>";
		};
/* End PBXVariantGroup section */

/* Begin XCBuildConfiguration section */
		3FF554C81CD54ED300BA8460 /* Debug */ = {
			isa = XCBuildConfiguration;
			buildSettings = {
				ALWAYS_SEARCH_USER_PATHS = NO;
				CLANG_ANALYZER_NONNULL = YES;
				CLANG_CXX_LANGUAGE_STANDARD = "gnu++0x";
				CLANG_CXX_LIBRARY = "libc++";
				CLANG_ENABLE_MODULES = YES;
				CLANG_ENABLE_OBJC_ARC = YES;
				CLANG_WARN_BOOL_CONVERSION = YES;
				CLANG_WARN_CONSTANT_CONVERSION = YES;
				CLANG_WARN_DIRECT_OBJC_ISA_USAGE = YES_ERROR;
				CLANG_WARN_EMPTY_BODY = YES;
				CLANG_WARN_ENUM_CONVERSION = YES;
				CLANG_WARN_INT_CONVERSION = YES;
				CLANG_WARN_OBJC_ROOT_CLASS = YES_ERROR;
				CLANG_WARN_UNREACHABLE_CODE = YES;
				CLANG_WARN__DUPLICATE_METHOD_MATCH = YES;
				CODE_SIGN_IDENTITY = "-";
				COPY_PHASE_STRIP = NO;
				DEBUG_INFORMATION_FORMAT = dwarf;
				ENABLE_STRICT_OBJC_MSGSEND = YES;
				ENABLE_TESTABILITY = YES;
				GCC_C_LANGUAGE_STANDARD = gnu99;
				GCC_DYNAMIC_NO_PIC = NO;
				GCC_NO_COMMON_BLOCKS = YES;
				GCC_OPTIMIZATION_LEVEL = 0;
				GCC_PREPROCESSOR_DEFINITIONS = (
					"DEBUG=1",
					"$(inherited)",
				);
				GCC_WARN_64_TO_32_BIT_CONVERSION = YES;
				GCC_WARN_ABOUT_RETURN_TYPE = YES_ERROR;
				GCC_WARN_UNDECLARED_SELECTOR = YES;
				GCC_WARN_UNINITIALIZED_AUTOS = YES_AGGRESSIVE;
				GCC_WARN_UNUSED_FUNCTION = YES;
				GCC_WARN_UNUSED_VARIABLE = YES;
				MACOSX_DEPLOYMENT_TARGET = 10.11;
				MTL_ENABLE_DEBUG_INFO = YES;
				ONLY_ACTIVE_ARCH = YES;
				SDKROOT = macosx;
				SWIFT_OPTIMIZATION_LEVEL = "-Onone";
			};
			name = Debug;
		};
		3FF554C91CD54ED300BA8460 /* Release */ = {
			isa = XCBuildConfiguration;
			buildSettings = {
				ALWAYS_SEARCH_USER_PATHS = NO;
				CLANG_ANALYZER_NONNULL = YES;
				CLANG_CXX_LANGUAGE_STANDARD = "gnu++0x";
				CLANG_CXX_LIBRARY = "libc++";
				CLANG_ENABLE_MODULES = YES;
				CLANG_ENABLE_OBJC_ARC = YES;
				CLANG_WARN_BOOL_CONVERSION = YES;
				CLANG_WARN_CONSTANT_CONVERSION = YES;
				CLANG_WARN_DIRECT_OBJC_ISA_USAGE = YES_ERROR;
				CLANG_WARN_EMPTY_BODY = YES;
				CLANG_WARN_ENUM_CONVERSION = YES;
				CLANG_WARN_INT_CONVERSION = YES;
				CLANG_WARN_OBJC_ROOT_CLASS = YES_ERROR;
				CLANG_WARN_UNREACHABLE_CODE = YES;
				CLANG_WARN__DUPLICATE_METHOD_MATCH = YES;
				CODE_SIGN_IDENTITY = "-";
				COPY_PHASE_STRIP = NO;
				DEBUG_INFORMATION_FORMAT = "dwarf-with-dsym";
				ENABLE_NS_ASSERTIONS = NO;
				ENABLE_STRICT_OBJC_MSGSEND = YES;
				GCC_C_LANGUAGE_STANDARD = gnu99;
				GCC_NO_COMMON_BLOCKS = YES;
				GCC_WARN_64_TO_32_BIT_CONVERSION = YES;
				GCC_WARN_ABOUT_RETURN_TYPE = YES_ERROR;
				GCC_WARN_UNDECLARED_SELECTOR = YES;
				GCC_WARN_UNINITIALIZED_AUTOS = YES_AGGRESSIVE;
				GCC_WARN_UNUSED_FUNCTION = YES;
				GCC_WARN_UNUSED_VARIABLE = YES;
				MACOSX_DEPLOYMENT_TARGET = 10.11;
				MTL_ENABLE_DEBUG_INFO = NO;
				SDKROOT = macosx;
			};
			name = Release;
		};
		3FF554CB1CD54ED300BA8460 /* Debug */ = {
			isa = XCBuildConfiguration;
			buildSettings = {
				ASSETCATALOG_COMPILER_APPICON_NAME = AppIcon;
				CLANG_ENABLE_MODULES = YES;
				COMBINE_HIDPI_IMAGES = YES;
				INFOPLIST_FILE = "$(SRCROOT)/Resources/Info.plist";
				LD_RUNPATH_SEARCH_PATHS = "$(inherited) @executable_path/../Frameworks";
				PRODUCT_BUNDLE_IDENTIFIER = name.malara.antonio.EasyCart;
				PRODUCT_NAME = "$(TARGET_NAME)";
				SWIFT_OBJC_BRIDGING_HEADER = "Sources/EasyCart-Bridging-Header.h";
				SWIFT_OPTIMIZATION_LEVEL = "-Onone";
			};
			name = Debug;
		};
		3FF554CC1CD54ED300BA8460 /* Release */ = {
			isa = XCBuildConfiguration;
			buildSettings = {
				ASSETCATALOG_COMPILER_APPICON_NAME = AppIcon;
				CLANG_ENABLE_MODULES = YES;
				COMBINE_HIDPI_IMAGES = YES;
				INFOPLIST_FILE = "$(SRCROOT)/Resources/Info.plist";
				LD_RUNPATH_SEARCH_PATHS = "$(inherited) @executable_path/../Frameworks";
				PRODUCT_BUNDLE_IDENTIFIER = name.malara.antonio.EasyCart;
				PRODUCT_NAME = "$(TARGET_NAME)";
				SWIFT_OBJC_BRIDGING_HEADER = "Sources/EasyCart-Bridging-Header.h";
			};
			name = Release;
		};
/* End XCBuildConfiguration section */

/* Begin XCConfigurationList section */
		3FF554B31CD54ED300BA8460 /* Build configuration list for PBXProject "EasyCart" */ = {
			isa = XCConfigurationList;
			buildConfigurations = (
				3FF554C81CD54ED300BA8460 /* Debug */,
				3FF554C91CD54ED300BA8460 /* Release */,
			);
			defaultConfigurationIsVisible = 0;
			defaultConfigurationName = Release;
		};
		3FF554CA1CD54ED300BA8460 /* Build configuration list for PBXNativeTarget "EasyCart" */ = {
			isa = XCConfigurationList;
			buildConfigurations = (
				3FF554CB1CD54ED300BA8460 /* Debug */,
				3FF554CC1CD54ED300BA8460 /* Release */,
			);
			defaultConfigurationIsVisible = 0;
			defaultConfigurationName = Release;
		};
/* End XCConfigurationList section */
	};
	rootObject = 3FF554B01CD54ED300BA8460 /* Project object */;
}
